
Microsoft Visual Studio Solution File, Format Version 12.00
# Visual Studio Version 17
VisualStudioVersion = 17.7.34221.43
MinimumVisualStudioVersion = 10.0.40219.1
Project("{FAE04EC0-301F-11D3-BF4B-00C04F79EFBC}") = "TESTEGARAGENS_DR_WEBAPI", "TESTEGARAGENS_DR_WEBAPI.csproj", "{4ACF1B1F-1303-4115-B61C-3FC406F9A383}"
EndProject
Global
	GlobalSection(SolutionConfigurationPlatforms) = preSolution
		Debug|Any CPU = Debug|Any CPU
		Release|Any CPU = Release|Any CPU
	EndGlobalSection
	GlobalSection(ProjectConfigurationPlatforms) = postSolution
		{4ACF1B1F-1303-4115-B61C-3FC406F9A383}.Debug|Any CPU.ActiveCfg = Debug|Any CPU
		{4ACF1B1F-1303-4115-B61C-3FC406F9A383}.Debug|Any CPU.Build.0 = Debug|Any CPU
		{4ACF1B1F-1303-4115-B61C-3FC406F9A383}.Release|Any CPU.ActiveCfg = Release|Any CPU
		{4ACF1B1F-1303-4115-B61C-3FC406F9A383}.Release|Any CPU.Build.0 = Release|Any CPU
	EndGlobalSection
	GlobalSection(SolutionProperties) = preSolution
		HideSolutionNode = FALSE
	EndGlobalSection
	GlobalSection(ExtensibilityGlobals) = postSolution
		SolutionGuid = {04438755-D5DE-4A6A-91AB-5AA03E16BE00}
	EndGlobalSection
EndGlobal
